
Microsoft Visual Studio Solution File, Format Version 12.00
# Visual Studio Version 16
VisualStudioVersion = 16.0.30011.22
MinimumVisualStudioVersion = 10.0.40219.1
Project("{FAE04EC0-301F-11D3-BF4B-00C04F79EFBC}") = "Lab1_Kaminski", "Lab1_Kaminski\Lab1_Kaminski.csproj", "{D4D53F37-EC88-45CD-8FE4-8BE39B8BCED0}"
EndProject
Global
	GlobalSection(SolutionConfigurationPlatforms) = preSolution
		Debug|Any CPU = Debug|Any CPU
		Release|Any CPU = Release|Any CPU
	EndGlobalSection
	GlobalSection(ProjectConfigurationPlatforms) = postSolution
		{D4D53F37-EC88-45CD-8FE4-8BE39B8BCED0}.Debug|Any CPU.ActiveCfg = Debug|Any CPU
		{D4D53F37-EC88-45CD-8FE4-8BE39B8BCED0}.Debug|Any CPU.Build.0 = Debug|Any CPU
		{D4D53F37-EC88-45CD-8FE4-8BE39B8BCED0}.Release|Any CPU.ActiveCfg = Release|Any CPU
		{D4D53F37-EC88-45CD-8FE4-8BE39B8BCED0}.Release|Any CPU.Build.0 = Release|Any CPU
	EndGlobalSection
	GlobalSection(SolutionProperties) = preSolution
		HideSolutionNode = FALSE
	EndGlobalSection
	GlobalSection(ExtensibilityGlobals) = postSolution
		SolutionGuid = {E90F32B2-07A7-43E0-AFA0-4327585BA2BB}
	EndGlobalSection
EndGlobal
